
Microsoft Visual Studio Solution File, Format Version 12.00
# Visual Studio Version 16
VisualStudioVersion = 16.0.31911.196
MinimumVisualStudioVersion = 10.0.40219.1
Project("{FAE04EC0-301F-11D3-BF4B-00C04F79EFBC}") = "WebApp_GitHub_Test", "WebApp_GitHub_Test\WebApp_GitHub_Test.csproj", "{8D25D18E-24F8-44BD-8EB3-67EAEEE0DA03}"
EndProject
Global
	GlobalSection(SolutionConfigurationPlatforms) = preSolution
		Debug|Any CPU = Debug|Any CPU
		Release|Any CPU = Release|Any CPU
	EndGlobalSection
	GlobalSection(ProjectConfigurationPlatforms) = postSolution
		{8D25D18E-24F8-44BD-8EB3-67EAEEE0DA03}.Debug|Any CPU.ActiveCfg = Debug|Any CPU
		{8D25D18E-24F8-44BD-8EB3-67EAEEE0DA03}.Debug|Any CPU.Build.0 = Debug|Any CPU
		{8D25D18E-24F8-44BD-8EB3-67EAEEE0DA03}.Release|Any CPU.ActiveCfg = Release|Any CPU
		{8D25D18E-24F8-44BD-8EB3-67EAEEE0DA03}.Release|Any CPU.Build.0 = Release|Any CPU
	EndGlobalSection
	GlobalSection(SolutionProperties) = preSolution
		HideSolutionNode = FALSE
	EndGlobalSection
	GlobalSection(ExtensibilityGlobals) = postSolution
		SolutionGuid = {2703FD57-BFBD-4E1F-900C-6C7987EAEEEB}
	EndGlobalSection
EndGlobal
